
Microsoft Visual Studio Solution File, Format Version 12.00
# Visual Studio 14
VisualStudioVersion = 14.0.23107.0
MinimumVisualStudioVersion = 10.0.40219.1
Project("{FAE04EC0-301F-11D3-BF4B-00C04F79EFBC}") = "Trie", "Trie\Trie.csproj", "{51283CF5-3CC3-4825-89EC-06EBEE3169B0}"
EndProject
Project("{FAE04EC0-301F-11D3-BF4B-00C04F79EFBC}") = "UnitTestProject", "UnitTestProject\UnitTestProject.csproj", "{EF487118-0899-4831-9DE9-B858F16F32FE}"
EndProject
Global
	GlobalSection(SolutionConfigurationPlatforms) = preSolution
		Debug|Any CPU = Debug|Any CPU
		Release|Any CPU = Release|Any CPU
	EndGlobalSection
	GlobalSection(ProjectConfigurationPlatforms) = postSolution
		{51283CF5-3CC3-4825-89EC-06EBEE3169B0}.Debug|Any CPU.ActiveCfg = Debug|Any CPU
		{51283CF5-3CC3-4825-89EC-06EBEE3169B0}.Debug|Any CPU.Build.0 = Debug|Any CPU
		{51283CF5-3CC3-4825-89EC-06EBEE3169B0}.Release|Any CPU.ActiveCfg = Release|Any CPU
		{51283CF5-3CC3-4825-89EC-06EBEE3169B0}.Release|Any CPU.Build.0 = Release|Any CPU
		{EF487118-0899-4831-9DE9-B858F16F32FE}.Debug|Any CPU.ActiveCfg = Debug|Any CPU
		{EF487118-0899-4831-9DE9-B858F16F32FE}.Debug|Any CPU.Build.0 = Debug|Any CPU
		{EF487118-0899-4831-9DE9-B858F16F32FE}.Release|Any CPU.ActiveCfg = Release|Any CPU
		{EF487118-0899-4831-9DE9-B858F16F32FE}.Release|Any CPU.Build.0 = Release|Any CPU
	EndGlobalSection
	GlobalSection(SolutionProperties) = preSolution
		HideSolutionNode = FALSE
	EndGlobalSection
EndGlobal
